// !$*UTF8*$!
{
	archiveVersion = 1;
	classes = {
	};
	objectVersion = 77;
	objects = {

/* Begin PBXContainerItemProxy section */
		986960072CAAA645003E0708 /* PBXContainerItemProxy */ = {
			isa = PBXContainerItemProxy;
			containerPortal = 98695FED2CAAA641003E0708 /* Project object */;
			proxyType = 1;
			remoteGlobalIDString = 98695FF42CAAA641003E0708;
			remoteInfo = streamline;
		};
		986960112CAAA645003E0708 /* PBXContainerItemProxy */ = {
			isa = PBXContainerItemProxy;
			containerPortal = 98695FED2CAAA641003E0708 /* Project object */;
			proxyType = 1;
			remoteGlobalIDString = 98695FF42CAAA641003E0708;
			remoteInfo = streamline;
		};
/* End PBXContainerItemProxy section */

/* Begin PBXFileReference section */
		98695FF52CAAA641003E0708 /* streamline.app */ = {isa = PBXFileReference; explicitFileType = wrapper.application; includeInIndex = 0; path = streamline.app; sourceTree = BUILT_PRODUCTS_DIR; };
		986960062CAAA645003E0708 /* streamlineTests.xctest */ = {isa = PBXFileReference; explicitFileType = wrapper.cfbundle; includeInIndex = 0; path = streamlineTests.xctest; sourceTree = BUILT_PRODUCTS_DIR; };
		986960102CAAA645003E0708 /* streamlineUITests.xctest */ = {isa = PBXFileReference; explicitFileType = wrapper.cfbundle; includeInIndex = 0; path = streamlineUITests.xctest; sourceTree = BUILT_PRODUCTS_DIR; };
/* End PBXFileReference section */

/* Begin PBXFileSystemSynchronizedRootGroup section */
		98695FF72CAAA641003E0708 /* streamline */ = {
			isa = PBXFileSystemSynchronizedRootGroup;
			path = streamline;
			sourceTree = "<group>";
		};
		986960092CAAA645003E0708 /* streamlineTests */ = {
			isa = PBXFileSystemSynchronizedRootGroup;
			path = streamlineTests;
			sourceTree = "<group>";
		};
		986960132CAAA645003E0708 /* streamlineUITests */ = {
			isa = PBXFileSystemSynchronizedRootGroup;
			path = streamlineUITests;
			sourceTree = "<group>";
		};
/* End PBXFileSystemSynchronizedRootGroup section */

/* Begin PBXFrameworksBuildPhase section */
		98695FF22CAAA641003E0708 /* Frameworks */ = {
			isa = PBXFrameworksBuildPhase;
			buildActionMask = 2147483647;
			files = (
			);
			runOnlyForDeploymentPostprocessing = 0;
		};
		986960032CAAA645003E0708 /* Frameworks */ = {
			isa = PBXFrameworksBuildPhase;
			buildActionMask = 2147483647;
			files = (
			);
			runOnlyForDeploymentPostprocessing = 0;
		};
		9869600D2CAAA645003E0708 /* Frameworks */ = {
			isa = PBXFrameworksBuildPhase;
			buildActionMask = 2147483647;
			files = (
			);
			runOnlyForDeploymentPostprocessing = 0;
		};
/* End PBXFrameworksBuildPhase section */

/* Begin PBXGroup section */
		98695FEC2CAAA641003E0708 = {
			isa = PBXGroup;
			children = (
				98695FF72CAAA641003E0708 /* streamline */,
				986960092CAAA645003E0708 /* streamlineTests */,
				986960132CAAA645003E0708 /* streamlineUITests */,
				98695FF62CAAA641003E0708 /* Products */,
			);
			sourceTree = "<group>";
		};
		98695FF62CAAA641003E0708 /* Products */ = {
			isa = PBXGroup;
			children = (
				98695FF52CAAA641003E0708 /* streamline.app */,
				986960062CAAA645003E0708 /* streamlineTests.xctest */,
				986960102CAAA645003E0708 /* streamlineUITests.xctest */,
			);
			name = Products;
			sourceTree = "<group>";
		};
/* End PBXGroup section */

/* Begin PBXNativeTarget section */
		98695FF42CAAA641003E0708 /* streamline */ = {
			isa = PBXNativeTarget;
			buildConfigurationList = 9869601A2CAAA645003E0708 /* Build configuration list for PBXNativeTarget "streamline" */;
			buildPhases = (
				98695FF12CAAA641003E0708 /* Sources */,
				98695FF22CAAA641003E0708 /* Frameworks */,
				98695FF32CAAA641003E0708 /* Resources */,
			);
			buildRules = (
			);
			dependencies = (
			);
			fileSystemSynchronizedGroups = (
				98695FF72CAAA641003E0708 /* streamline */,
			);
			name = streamline;
			packageProductDependencies = (
			);
			productName = streamline;
			productReference = 98695FF52CAAA641003E0708 /* streamline.app */;
			productType = "com.apple.product-type.application";
		};
		986960052CAAA645003E0708 /* streamlineTests */ = {
			isa = PBXNativeTarget;
			buildConfigurationList = 9869601D2CAAA645003E0708 /* Build configuration list for PBXNativeTarget "streamlineTests" */;
			buildPhases = (
				986960022CAAA645003E0708 /* Sources */,
				986960032CAAA645003E0708 /* Frameworks */,
				986960042CAAA645003E0708 /* Resources */,
			);
			buildRules = (
			);
			dependencies = (
				986960082CAAA645003E0708 /* PBXTargetDependency */,
			);
			fileSystemSynchronizedGroups = (
				986960092CAAA645003E0708 /* streamlineTests */,
			);
			name = streamlineTests;
			packageProductDependencies = (
			);
			productName = streamlineTests;
			productReference = 986960062CAAA645003E0708 /* streamlineTests.xctest */;
			productType = "com.apple.product-type.bundle.unit-test";
		};
		9869600F2CAAA645003E0708 /* streamlineUITests */ = {
			isa = PBXNativeTarget;
			buildConfigurationList = 986960202CAAA645003E0708 /* Build configuration list for PBXNativeTarget "streamlineUITests" */;
			buildPhases = (
				9869600C2CAAA645003E0708 /* Sources */,
				9869600D2CAAA645003E0708 /* Frameworks */,
				9869600E2CAAA645003E0708 /* Resources */,
			);
			buildRules = (
			);
			dependencies = (
				986960122CAAA645003E0708 /* PBXTargetDependency */,
			);
			fileSystemSynchronizedGroups = (
				986960132CAAA645003E0708 /* streamlineUITests */,
			);
			name = streamlineUITests;
			packageProductDependencies = (
			);
			productName = streamlineUITests;
			productReference = 986960102CAAA645003E0708 /* streamlineUITests.xctest */;
			productType = "com.apple.product-type.bundle.ui-testing";
		};
/* End PBXNativeTarget section */

/* Begin PBXProject section */
		98695FED2CAAA641003E0708 /* Project object */ = {
			isa = PBXProject;
			attributes = {
				BuildIndependentTargetsInParallel = 1;
				LastSwiftUpdateCheck = 1600;
				LastUpgradeCheck = 1600;
				TargetAttributes = {
					98695FF42CAAA641003E0708 = {
						CreatedOnToolsVersion = 16.0;
					};
					986960052CAAA645003E0708 = {
						CreatedOnToolsVersion = 16.0;
						TestTargetID = 98695FF42CAAA641003E0708;
					};
					9869600F2CAAA645003E0708 = {
						CreatedOnToolsVersion = 16.0;
						TestTargetID = 98695FF42CAAA641003E0708;
					};
				};
			};
			buildConfigurationList = 98695FF02CAAA641003E0708 /* Build configuration list for PBXProject "streamline" */;
			developmentRegion = en;
			hasScannedForEncodings = 0;
			knownRegions = (
				en,
				Base,
			);
			mainGroup = 98695FEC2CAAA641003E0708;
			minimizedProjectReferenceProxies = 1;
			preferredProjectObjectVersion = 77;
			productRefGroup = 98695FF62CAAA641003E0708 /* Products */;
			projectDirPath = "";
			projectRoot = "";
			targets = (
				98695FF42CAAA641003E0708 /* streamline */,
				986960052CAAA645003E0708 /* streamlineTests */,
				9869600F2CAAA645003E0708 /* streamlineUITests */,
			);
		};
/* End PBXProject section */

/* Begin PBXResourcesBuildPhase section */
		98695FF32CAAA641003E0708 /* Resources */ = {
			isa = PBXResourcesBuildPhase;
			buildActionMask = 2147483647;
			files = (
			);
			runOnlyForDeploymentPostprocessing = 0;
		};
		986960042CAAA645003E0708 /* Resources */ = {
			isa = PBXResourcesBuildPhase;
			buildActionMask = 2147483647;
			files = (
			);
			runOnlyForDeploymentPostprocessing = 0;
		};
		9869600E2CAAA645003E0708 /* Resources */ = {
			isa = PBXResourcesBuildPhase;
			buildActionMask = 2147483647;
			files = (
			);
			runOnlyForDeploymentPostprocessing = 0;
		};
/* End PBXResourcesBuildPhase section */

/* Begin PBXSourcesBuildPhase section */
		98695FF12CAAA641003E0708 /* Sources */ = {
			isa = PBXSourcesBuildPhase;
			buildActionMask = 2147483647;
			files = (
			);
			runOnlyForDeploymentPostprocessing = 0;
		};
		986960022CAAA645003E0708 /* Sources */ = {
			isa = PBXSourcesBuildPhase;
			buildActionMask = 2147483647;
			files = (
			);
			runOnlyForDeploymentPostprocessing = 0;
		};
		9869600C2CAAA645003E0708 /* Sources */ = {
			isa = PBXSourcesBuildPhase;
			buildActionMask = 2147483647;
			files = (
			);
			runOnlyForDeploymentPostprocessing = 0;
		};
/* End PBXSourcesBuildPhase section */

/* Begin PBXTargetDependency section */
		986960082CAAA645003E0708 /* PBXTargetDependency */ = {
			isa = PBXTargetDependency;
			target = 98695FF42CAAA641003E0708 /* streamline */;
			targetProxy = 986960072CAAA645003E0708 /* PBXContainerItemProxy */;
		};
		986960122CAAA645003E0708 /* PBXTargetDependency */ = {
			isa = PBXTargetDependency;
			target = 98695FF42CAAA641003E0708 /* streamline */;
			targetProxy = 986960112CAAA645003E0708 /* PBXContainerItemProxy */;
		};
/* End PBXTargetDependency section */

/* Begin XCBuildConfiguration section */
		986960182CAAA645003E0708 /* Debug */ = {
			isa = XCBuildConfiguration;
			buildSettings = {
				ALWAYS_SEARCH_USER_PATHS = NO;
				ASSETCATALOG_COMPILER_GENERATE_SWIFT_ASSET_SYMBOL_EXTENSIONS = YES;
				CLANG_ANALYZER_NONNULL = YES;
				CLANG_ANALYZER_NUMBER_OBJECT_CONVERSION = YES_AGGRESSIVE;
				CLANG_CXX_LANGUAGE_STANDARD = "gnu++20";
				CLANG_ENABLE_MODULES = YES;
				CLANG_ENABLE_OBJC_ARC = YES;
				CLANG_ENABLE_OBJC_WEAK = YES;
				CLANG_WARN_BLOCK_CAPTURE_AUTORELEASING = YES;
				CLANG_WARN_BOOL_CONVERSION = YES;
				CLANG_WARN_COMMA = YES;
				CLANG_WARN_CONSTANT_CONVERSION = YES;
				CLANG_WARN_DEPRECATED_OBJC_IMPLEMENTATIONS = YES;
				CLANG_WARN_DIRECT_OBJC_ISA_USAGE = YES_ERROR;
				CLANG_WARN_DOCUMENTATION_COMMENTS = YES;
				CLANG_WARN_EMPTY_BODY = YES;
				CLANG_WARN_ENUM_CONVERSION = YES;
				CLANG_WARN_INFINITE_RECURSION = YES;
				CLANG_WARN_INT_CONVERSION = YES;
				CLANG_WARN_NON_LITERAL_NULL_CONVERSION = YES;
				CLANG_WARN_OBJC_IMPLICIT_RETAIN_SELF = YES;
				CLANG_WARN_OBJC_LITERAL_CONVERSION = YES;
				CLANG_WARN_OBJC_ROOT_CLASS = YES_ERROR;
				CLANG_WARN_QUOTED_INCLUDE_IN_FRAMEWORK_HEADER = YES;
				CLANG_WARN_RANGE_LOOP_ANALYSIS = YES;
				CLANG_WARN_STRICT_PROTOTYPES = YES;
				CLANG_WARN_SUSPICIOUS_MOVE = YES;
				CLANG_WARN_UNGUARDED_AVAILABILITY = YES_AGGRESSIVE;
				CLANG_WARN_UNREACHABLE_CODE = YES;
				CLANG_WARN__DUPLICATE_METHOD_MATCH = YES;
				COPY_PHASE_STRIP = NO;
				DEBUG_INFORMATION_FORMAT = dwarf;
				ENABLE_STRICT_OBJC_MSGSEND = YES;
				ENABLE_TESTABILITY = YES;
				ENABLE_USER_SCRIPT_SANDBOXING = YES;
				GCC_C_LANGUAGE_STANDARD = gnu17;
				GCC_DYNAMIC_NO_PIC = NO;
				GCC_NO_COMMON_BLOCKS = YES;
				GCC_OPTIMIZATION_LEVEL = 0;
				GCC_PREPROCESSOR_DEFINITIONS = (
					"DEBUG=1",
					"$(inherited)",
				);
				GCC_WARN_64_TO_32_BIT_CONVERSION = YES;
				GCC_WARN_ABOUT_RETURN_TYPE = YES_ERROR;
				GCC_WARN_UNDECLARED_SELECTOR = YES;
				GCC_WARN_UNINITIALIZED_AUTOS = YES_AGGRESSIVE;
				GCC_WARN_UNUSED_FUNCTION = YES;
				GCC_WARN_UNUSED_VARIABLE = YES;
				LOCALIZATION_PREFERS_STRING_CATALOGS = YES;
				MACOSX_DEPLOYMENT_TARGET = 15.0;
				MTL_ENABLE_DEBUG_INFO = INCLUDE_SOURCE;
				MTL_FAST_MATH = YES;
				ONLY_ACTIVE_ARCH = YES;
				SDKROOT = macosx;
				SWIFT_ACTIVE_COMPILATION_CONDITIONS = "DEBUG $(inherited)";
				SWIFT_OPTIMIZATION_LEVEL = "-Onone";
			};
			name = Debug;
		};
		986960192CAAA645003E0708 /* Release */ = {
			isa = XCBuildConfiguration;
			buildSettings = {
				ALWAYS_SEARCH_USER_PATHS = NO;
				ASSETCATALOG_COMPILER_GENERATE_SWIFT_ASSET_SYMBOL_EXTENSIONS = YES;
				CLANG_ANALYZER_NONNULL = YES;
				CLANG_ANALYZER_NUMBER_OBJECT_CONVERSION = YES_AGGRESSIVE;
				CLANG_CXX_LANGUAGE_STANDARD = "gnu++20";
				CLANG_ENABLE_MODULES = YES;
				CLANG_ENABLE_OBJC_ARC = YES;
				CLANG_ENABLE_OBJC_WEAK = YES;
				CLANG_WARN_BLOCK_CAPTURE_AUTORELEASING = YES;
				CLANG_WARN_BOOL_CONVERSION = YES;
				CLANG_WARN_COMMA = YES;
				CLANG_WARN_CONSTANT_CONVERSION = YES;
				CLANG_WARN_DEPRECATED_OBJC_IMPLEMENTATIONS = YES;
				CLANG_WARN_DIRECT_OBJC_ISA_USAGE = YES_ERROR;
				CLANG_WARN_DOCUMENTATION_COMMENTS = YES;
				CLANG_WARN_EMPTY_BODY = YES;
				CLANG_WARN_ENUM_CONVERSION = YES;
				CLANG_WARN_INFINITE_RECURSION = YES;
				CLANG_WARN_INT_CONVERSION = YES;
				CLANG_WARN_NON_LITERAL_NULL_CONVERSION = YES;
				CLANG_WARN_OBJC_IMPLICIT_RETAIN_SELF = YES;
				CLANG_WARN_OBJC_LITERAL_CONVERSION = YES;
				CLANG_WARN_OBJC_ROOT_CLASS = YES_ERROR;
				CLANG_WARN_QUOTED_INCLUDE_IN_FRAMEWORK_HEADER = YES;
				CLANG_WARN_RANGE_LOOP_ANALYSIS = YES;
				CLANG_WARN_STRICT_PROTOTYPES = YES;
				CLANG_WARN_SUSPICIOUS_MOVE = YES;
				CLANG_WARN_UNGUARDED_AVAILABILITY = YES_AGGRESSIVE;
				CLANG_WARN_UNREACHABLE_CODE = YES;
				CLANG_WARN__DUPLICATE_METHOD_MATCH = YES;
				COPY_PHASE_STRIP = NO;
				DEBUG_INFORMATION_FORMAT = "dwarf-with-dsym";
				ENABLE_NS_ASSERTIONS = NO;
				ENABLE_STRICT_OBJC_MSGSEND = YES;
				ENABLE_USER_SCRIPT_SANDBOXING = YES;
				GCC_C_LANGUAGE_STANDARD = gnu17;
				GCC_NO_COMMON_BLOCKS = YES;
				GCC_WARN_64_TO_32_BIT_CONVERSION = YES;
				GCC_WARN_ABOUT_RETURN_TYPE = YES_ERROR;
				GCC_WARN_UNDECLARED_SELECTOR = YES;
				GCC_WARN_UNINITIALIZED_AUTOS = YES_AGGRESSIVE;
				GCC_WARN_UNUSED_FUNCTION = YES;
				GCC_WARN_UNUSED_VARIABLE = YES;
				LOCALIZATION_PREFERS_STRING_CATALOGS = YES;
				MACOSX_DEPLOYMENT_TARGET = 15.0;
				MTL_ENABLE_DEBUG_INFO = NO;
				MTL_FAST_MATH = YES;
				SDKROOT = macosx;
				SWIFT_COMPILATION_MODE = wholemodule;
			};
			name = Release;
		};
		9869601B2CAAA645003E0708 /* Debug */ = {
			isa = XCBuildConfiguration;
			buildSettings = {
				ASSETCATALOG_COMPILER_APPICON_NAME = AppIcon;
				ASSETCATALOG_COMPILER_GLOBAL_ACCENT_COLOR_NAME = AccentColor;
				CODE_SIGN_ENTITLEMENTS = streamline/streamline.entitlements;
				CODE_SIGN_STYLE = Automatic;
				COMBINE_HIDPI_IMAGES = YES;
				CURRENT_PROJECT_VERSION = 1;
				DEVELOPMENT_ASSET_PATHS = "\"streamline/Preview Content\"";
				DEVELOPMENT_TEAM = FP8VG2F245;
				ENABLE_HARDENED_RUNTIME = YES;
				ENABLE_PREVIEWS = YES;
				GENERATE_INFOPLIST_FILE = YES;
				INFOPLIST_KEY_NSHumanReadableCopyright = "";
				LD_RUNPATH_SEARCH_PATHS = (
					"$(inherited)",
					"@executable_path/../Frameworks",
				);
				MARKETING_VERSION = 1.0;
				PRODUCT_BUNDLE_IDENTIFIER = fkm.streamline;
				PRODUCT_NAME = "$(TARGET_NAME)";
				SWIFT_EMIT_LOC_STRINGS = YES;
				SWIFT_VERSION = 5.0;
			};
			name = Debug;
		};
		9869601C2CAAA645003E0708 /* Release */ = {
			isa = XCBuildConfiguration;
			buildSettings = {
				ASSETCATALOG_COMPILER_APPICON_NAME = AppIcon;
				ASSETCATALOG_COMPILER_GLOBAL_ACCENT_COLOR_NAME = AccentColor;
				CODE_SIGN_ENTITLEMENTS = streamline/streamline.entitlements;
				CODE_SIGN_STYLE = Automatic;
				COMBINE_HIDPI_IMAGES = YES;
				CURRENT_PROJECT_VERSION = 1;
				DEVELOPMENT_ASSET_PATHS = "\"streamline/Preview Content\"";
				DEVELOPMENT_TEAM = FP8VG2F245;
				ENABLE_HARDENED_RUNTIME = YES;
				ENABLE_PREVIEWS = YES;
				GENERATE_INFOPLIST_FILE = YES;
				INFOPLIST_KEY_NSHumanReadableCopyright = "";
				LD_RUNPATH_SEARCH_PATHS = (
					"$(inherited)",
					"@executable_path/../Frameworks",
				);
				MARKETING_VERSION = 1.0;
				PRODUCT_BUNDLE_IDENTIFIER = fkm.streamline;
				PRODUCT_NAME = "$(TARGET_NAME)";
				SWIFT_EMIT_LOC_STRINGS = YES;
				SWIFT_VERSION = 5.0;
			};
			name = Release;
		};
		9869601E2CAAA645003E0708 /* Debug */ = {
			isa = XCBuildConfiguration;
			buildSettings = {
				BUNDLE_LOADER = "$(TEST_HOST)";
				CODE_SIGN_STYLE = Automatic;
				CURRENT_PROJECT_VERSION = 1;
				DEVELOPMENT_TEAM = GJ3ARK24T4;
				GENERATE_INFOPLIST_FILE = YES;
				MACOSX_DEPLOYMENT_TARGET = 15.0;
				MARKETING_VERSION = 1.0;
				PRODUCT_BUNDLE_IDENTIFIER = fkm.streamlineTests;
				PRODUCT_NAME = "$(TARGET_NAME)";
				SWIFT_EMIT_LOC_STRINGS = NO;
				SWIFT_VERSION = 5.0;
				TEST_HOST = "$(BUILT_PRODUCTS_DIR)/streamline.app/$(BUNDLE_EXECUTABLE_FOLDER_PATH)/streamline";
			};
			name = Debug;
		};
		9869601F2CAAA645003E0708 /* Release */ = {
			isa = XCBuildConfiguration;
			buildSettings = {
				BUNDLE_LOADER = "$(TEST_HOST)";
				CODE_SIGN_STYLE = Automatic;
				CURRENT_PROJECT_VERSION = 1;
				DEVELOPMENT_TEAM = GJ3ARK24T4;
				GENERATE_INFOPLIST_FILE = YES;
				MACOSX_DEPLOYMENT_TARGET = 15.0;
				MARKETING_VERSION = 1.0;
				PRODUCT_BUNDLE_IDENTIFIER = fkm.streamlineTests;
				PRODUCT_NAME = "$(TARGET_NAME)";
				SWIFT_EMIT_LOC_STRINGS = NO;
				SWIFT_VERSION = 5.0;
				TEST_HOST = "$(BUILT_PRODUCTS_DIR)/streamline.app/$(BUNDLE_EXECUTABLE_FOLDER_PATH)/streamline";
			};
			name = Release;
		};
		986960212CAAA645003E0708 /* Debug */ = {
			isa = XCBuildConfiguration;
			buildSettings = {
				CODE_SIGN_STYLE = Automatic;
				CURRENT_PROJECT_VERSION = 1;
				DEVELOPMENT_TEAM = GJ3ARK24T4;
				GENERATE_INFOPLIST_FILE = YES;
				MARKETING_VERSION = 1.0;
				PRODUCT_BUNDLE_IDENTIFIER = fkm.streamlineUITests;
				PRODUCT_NAME = "$(TARGET_NAME)";
				SWIFT_EMIT_LOC_STRINGS = NO;
				SWIFT_VERSION = 5.0;
				TEST_TARGET_NAME = streamline;
			};
			name = Debug;
		};
		986960222CAAA645003E0708 /* Release */ = {
			isa = XCBuildConfiguration;
			buildSettings = {
				CODE_SIGN_STYLE = Automatic;
				CURRENT_PROJECT_VERSION = 1;
				DEVELOPMENT_TEAM = GJ3ARK24T4;
				GENERATE_INFOPLIST_FILE = YES;
				MARKETING_VERSION = 1.0;
				PRODUCT_BUNDLE_IDENTIFIER = fkm.streamlineUITests;
				PRODUCT_NAME = "$(TARGET_NAME)";
				SWIFT_EMIT_LOC_STRINGS = NO;
				SWIFT_VERSION = 5.0;
				TEST_TARGET_NAME = streamline;
			};
			name = Release;
		};
/* End XCBuildConfiguration section */

/* Begin XCConfigurationList section */
		98695FF02CAAA641003E0708 /* Build configuration list for PBXProject "streamline" */ = {
			isa = XCConfigurationList;
			buildConfigurations = (
				986960182CAAA645003E0708 /* Debug */,
				986960192CAAA645003E0708 /* Release */,
			);
			defaultConfigurationIsVisible = 0;
			defaultConfigurationName = Release;
		};
		9869601A2CAAA645003E0708 /* Build configuration list for PBXNativeTarget "streamline" */ = {
			isa = XCConfigurationList;
			buildConfigurations = (
				9869601B2CAAA645003E0708 /* Debug */,
				9869601C2CAAA645003E0708 /* Release */,
			);
			defaultConfigurationIsVisible = 0;
			defaultConfigurationName = Release;
		};
		9869601D2CAAA645003E0708 /* Build configuration list for PBXNativeTarget "streamlineTests" */ = {
			isa = XCConfigurationList;
			buildConfigurations = (
				9869601E2CAAA645003E0708 /* Debug */,
				9869601F2CAAA645003E0708 /* Release */,
			);
			defaultConfigurationIsVisible = 0;
			defaultConfigurationName = Release;
		};
		986960202CAAA645003E0708 /* Build configuration list for PBXNativeTarget "streamlineUITests" */ = {
			isa = XCConfigurationList;
			buildConfigurations = (
				986960212CAAA645003E0708 /* Debug */,
				986960222CAAA645003E0708 /* Release */,
			);
			defaultConfigurationIsVisible = 0;
			defaultConfigurationName = Release;
		};
/* End XCConfigurationList section */
	};
	rootObject = 98695FED2CAAA641003E0708 /* Project object */;
}
